// !$*UTF8*$!
{
	archiveVersion = 1;
	classes = {
	};
	objectVersion = 51;
	objects = {

/* Begin PBXBuildFile section */
		292BAF9840620F76910809B9 /* Pods_SweetHealth_SweetHealthUITests.framework in Frameworks */ = {isa = PBXBuildFile; fileRef = 53D8A0367CBF2582AC407BED /* Pods_SweetHealth_SweetHealthUITests.framework */; };
		591714336FAA2EA1A3C75F3B /* Pods_SweetHealthTests.framework in Frameworks */ = {isa = PBXBuildFile; fileRef = 1CEBA6D2714AC84D8EEA67BF /* Pods_SweetHealthTests.framework */; };
		65EE2C3B62E004CBE48358FC /* Pods_SweetHealth.framework in Frameworks */ = {isa = PBXBuildFile; fileRef = 63CA9F49F0B5AD74CF1CC6A0 /* Pods_SweetHealth.framework */; };
		9BE79A4023CD20D100669BCC /* AppDelegate.swift in Sources */ = {isa = PBXBuildFile; fileRef = 9BE79A3F23CD20D100669BCC /* AppDelegate.swift */; };
		9BE79A4223CD20D100669BCC /* SceneDelegate.swift in Sources */ = {isa = PBXBuildFile; fileRef = 9BE79A4123CD20D100669BCC /* SceneDelegate.swift */; };
		9BE79A4423CD20D100669BCC /* ViewController.swift in Sources */ = {isa = PBXBuildFile; fileRef = 9BE79A4323CD20D100669BCC /* ViewController.swift */; };
		9BE79A4723CD20D100669BCC /* Main.storyboard in Resources */ = {isa = PBXBuildFile; fileRef = 9BE79A4523CD20D100669BCC /* Main.storyboard */; };
		9BE79A4923CD20D600669BCC /* Assets.xcassets in Resources */ = {isa = PBXBuildFile; fileRef = 9BE79A4823CD20D600669BCC /* Assets.xcassets */; };
		9BE79A4C23CD20D600669BCC /* LaunchScreen.storyboard in Resources */ = {isa = PBXBuildFile; fileRef = 9BE79A4A23CD20D600669BCC /* LaunchScreen.storyboard */; };
		9BE79A5723CD20D600669BCC /* SweetHealthTests.swift in Sources */ = {isa = PBXBuildFile; fileRef = 9BE79A5623CD20D600669BCC /* SweetHealthTests.swift */; };
		9BE79A6223CD20D600669BCC /* SweetHealthUITests.swift in Sources */ = {isa = PBXBuildFile; fileRef = 9BE79A6123CD20D600669BCC /* SweetHealthUITests.swift */; };
/* End PBXBuildFile section */

/* Begin PBXContainerItemProxy section */
		9BE79A5323CD20D600669BCC /* PBXContainerItemProxy */ = {
			isa = PBXContainerItemProxy;
			containerPortal = 9BE79A3423CD20D100669BCC /* Project object */;
			proxyType = 1;
			remoteGlobalIDString = 9BE79A3B23CD20D100669BCC;
			remoteInfo = SweetHealth;
		};
		9BE79A5E23CD20D600669BCC /* PBXContainerItemProxy */ = {
			isa = PBXContainerItemProxy;
			containerPortal = 9BE79A3423CD20D100669BCC /* Project object */;
			proxyType = 1;
			remoteGlobalIDString = 9BE79A3B23CD20D100669BCC;
			remoteInfo = SweetHealth;
		};
/* End PBXContainerItemProxy section */

/* Begin PBXFileReference section */
		1CEBA6D2714AC84D8EEA67BF /* Pods_SweetHealthTests.framework */ = {isa = PBXFileReference; explicitFileType = wrapper.framework; includeInIndex = 0; path = Pods_SweetHealthTests.framework; sourceTree = BUILT_PRODUCTS_DIR; };
		53D8A0367CBF2582AC407BED /* Pods_SweetHealth_SweetHealthUITests.framework */ = {isa = PBXFileReference; explicitFileType = wrapper.framework; includeInIndex = 0; path = Pods_SweetHealth_SweetHealthUITests.framework; sourceTree = BUILT_PRODUCTS_DIR; };
		63CA9F49F0B5AD74CF1CC6A0 /* Pods_SweetHealth.framework */ = {isa = PBXFileReference; explicitFileType = wrapper.framework; includeInIndex = 0; path = Pods_SweetHealth.framework; sourceTree = BUILT_PRODUCTS_DIR; };
		646E5955A1391903F4620739 /* Pods-SweetHealthTests.release.xcconfig */ = {isa = PBXFileReference; includeInIndex = 1; lastKnownFileType = text.xcconfig; name = "Pods-SweetHealthTests.release.xcconfig"; path = "Target Support Files/Pods-SweetHealthTests/Pods-SweetHealthTests.release.xcconfig"; sourceTree = "<group>"; };
		6D448FF94A8676287D795588 /* Pods-SweetHealth.debug.xcconfig */ = {isa = PBXFileReference; includeInIndex = 1; lastKnownFileType = text.xcconfig; name = "Pods-SweetHealth.debug.xcconfig"; path = "Target Support Files/Pods-SweetHealth/Pods-SweetHealth.debug.xcconfig"; sourceTree = "<group>"; };
		9BE79A3C23CD20D100669BCC /* SweetHealth.app */ = {isa = PBXFileReference; explicitFileType = wrapper.application; includeInIndex = 0; path = SweetHealth.app; sourceTree = BUILT_PRODUCTS_DIR; };
		9BE79A3F23CD20D100669BCC /* AppDelegate.swift */ = {isa = PBXFileReference; lastKnownFileType = sourcecode.swift; path = AppDelegate.swift; sourceTree = "<group>"; };
		9BE79A4123CD20D100669BCC /* SceneDelegate.swift */ = {isa = PBXFileReference; lastKnownFileType = sourcecode.swift; path = SceneDelegate.swift; sourceTree = "<group>"; };
		9BE79A4323CD20D100669BCC /* ViewController.swift */ = {isa = PBXFileReference; lastKnownFileType = sourcecode.swift; path = ViewController.swift; sourceTree = "<group>"; };
		9BE79A4623CD20D100669BCC /* Base */ = {isa = PBXFileReference; lastKnownFileType = file.storyboard; name = Base; path = Base.lproj/Main.storyboard; sourceTree = "<group>"; };
		9BE79A4823CD20D600669BCC /* Assets.xcassets */ = {isa = PBXFileReference; lastKnownFileType = folder.assetcatalog; path = Assets.xcassets; sourceTree = "<group>"; };
		9BE79A4B23CD20D600669BCC /* Base */ = {isa = PBXFileReference; lastKnownFileType = file.storyboard; name = Base; path = Base.lproj/LaunchScreen.storyboard; sourceTree = "<group>"; };
		9BE79A4D23CD20D600669BCC /* Info.plist */ = {isa = PBXFileReference; lastKnownFileType = text.plist.xml; path = Info.plist; sourceTree = "<group>"; };
		9BE79A5223CD20D600669BCC /* SweetHealthTests.xctest */ = {isa = PBXFileReference; explicitFileType = wrapper.cfbundle; includeInIndex = 0; path = SweetHealthTests.xctest; sourceTree = BUILT_PRODUCTS_DIR; };
		9BE79A5623CD20D600669BCC /* SweetHealthTests.swift */ = {isa = PBXFileReference; lastKnownFileType = sourcecode.swift; path = SweetHealthTests.swift; sourceTree = "<group>"; };
		9BE79A5823CD20D600669BCC /* Info.plist */ = {isa = PBXFileReference; lastKnownFileType = text.plist.xml; path = Info.plist; sourceTree = "<group>"; };
		9BE79A5D23CD20D600669BCC /* SweetHealthUITests.xctest */ = {isa = PBXFileReference; explicitFileType = wrapper.cfbundle; includeInIndex = 0; path = SweetHealthUITests.xctest; sourceTree = BUILT_PRODUCTS_DIR; };
		9BE79A6123CD20D600669BCC /* SweetHealthUITests.swift */ = {isa = PBXFileReference; lastKnownFileType = sourcecode.swift; path = SweetHealthUITests.swift; sourceTree = "<group>"; };
		9BE79A6323CD20D600669BCC /* Info.plist */ = {isa = PBXFileReference; lastKnownFileType = text.plist.xml; path = Info.plist; sourceTree = "<group>"; };
		BFAA6C45D5F4EF9BD82D2048 /* Pods-SweetHealth-SweetHealthUITests.debug.xcconfig */ = {isa = PBXFileReference; includeInIndex = 1; lastKnownFileType = text.xcconfig; name = "Pods-SweetHealth-SweetHealthUITests.debug.xcconfig"; path = "Target Support Files/Pods-SweetHealth-SweetHealthUITests/Pods-SweetHealth-SweetHealthUITests.debug.xcconfig"; sourceTree = "<group>"; };
		D3DC8F5A140B7E1A9B4A8FAE /* Pods-SweetHealth-SweetHealthUITests.release.xcconfig */ = {isa = PBXFileReference; includeInIndex = 1; lastKnownFileType = text.xcconfig; name = "Pods-SweetHealth-SweetHealthUITests.release.xcconfig"; path = "Target Support Files/Pods-SweetHealth-SweetHealthUITests/Pods-SweetHealth-SweetHealthUITests.release.xcconfig"; sourceTree = "<group>"; };
		EA29E0BB138988E4F630FE10 /* Pods-SweetHealthTests.debug.xcconfig */ = {isa = PBXFileReference; includeInIndex = 1; lastKnownFileType = text.xcconfig; name = "Pods-SweetHealthTests.debug.xcconfig"; path = "Target Support Files/Pods-SweetHealthTests/Pods-SweetHealthTests.debug.xcconfig"; sourceTree = "<group>"; };
		FDA1042EDACBE85BBD7EDD78 /* Pods-SweetHealth.release.xcconfig */ = {isa = PBXFileReference; includeInIndex = 1; lastKnownFileType = text.xcconfig; name = "Pods-SweetHealth.release.xcconfig"; path = "Target Support Files/Pods-SweetHealth/Pods-SweetHealth.release.xcconfig"; sourceTree = "<group>"; };
/* End PBXFileReference section */

/* Begin PBXFrameworksBuildPhase section */
		9BE79A3923CD20D100669BCC /* Frameworks */ = {
			isa = PBXFrameworksBuildPhase;
			buildActionMask = 2147483647;
			files = (
				65EE2C3B62E004CBE48358FC /* Pods_SweetHealth.framework in Frameworks */,
			);
			runOnlyForDeploymentPostprocessing = 0;
		};
		9BE79A4F23CD20D600669BCC /* Frameworks */ = {
			isa = PBXFrameworksBuildPhase;
			buildActionMask = 2147483647;
			files = (
				591714336FAA2EA1A3C75F3B /* Pods_SweetHealthTests.framework in Frameworks */,
			);
			runOnlyForDeploymentPostprocessing = 0;
		};
		9BE79A5A23CD20D600669BCC /* Frameworks */ = {
			isa = PBXFrameworksBuildPhase;
			buildActionMask = 2147483647;
			files = (
				292BAF9840620F76910809B9 /* Pods_SweetHealth_SweetHealthUITests.framework in Frameworks */,
			);
			runOnlyForDeploymentPostprocessing = 0;
		};
/* End PBXFrameworksBuildPhase section */

/* Begin PBXGroup section */
		0A4219EDDF52190C90220E1B /* Frameworks */ = {
			isa = PBXGroup;
			children = (
				63CA9F49F0B5AD74CF1CC6A0 /* Pods_SweetHealth.framework */,
				53D8A0367CBF2582AC407BED /* Pods_SweetHealth_SweetHealthUITests.framework */,
				1CEBA6D2714AC84D8EEA67BF /* Pods_SweetHealthTests.framework */,
			);
			name = Frameworks;
			sourceTree = "<group>";
		};
		9BE79A3323CD20D100669BCC = {
			isa = PBXGroup;
			children = (
				9BE79A3E23CD20D100669BCC /* SweetHealth */,
				9BE79A5523CD20D600669BCC /* SweetHealthTests */,
				9BE79A6023CD20D600669BCC /* SweetHealthUITests */,
				9BE79A3D23CD20D100669BCC /* Products */,
				EE0316E6D1A6F4897C14C327 /* Pods */,
				0A4219EDDF52190C90220E1B /* Frameworks */,
			);
			sourceTree = "<group>";
		};
		9BE79A3D23CD20D100669BCC /* Products */ = {
			isa = PBXGroup;
			children = (
				9BE79A3C23CD20D100669BCC /* SweetHealth.app */,
				9BE79A5223CD20D600669BCC /* SweetHealthTests.xctest */,
				9BE79A5D23CD20D600669BCC /* SweetHealthUITests.xctest */,
			);
			name = Products;
			sourceTree = "<group>";
		};
		9BE79A3E23CD20D100669BCC /* SweetHealth */ = {
			isa = PBXGroup;
			children = (
				9BE79A7623CD2DA600669BCC /* Map */,
				9BE79A7523CD2D9800669BCC /* Profile */,
				9BE79A7323CD2D7000669BCC /* Statistics */,
				9BE79A7223CD2D3700669BCC /*  ScheduleControl */,
				9BE79A7123CD2D1000669BCC /* Detail */,
				9BE79A7023CD2CE900669BCC /* Home */,
				9BE79A7423CD2D8100669BCC /* Login */,
				9BE79A3F23CD20D100669BCC /* AppDelegate.swift */,
				9BE79A4123CD20D100669BCC /* SceneDelegate.swift */,
				9BE79A4323CD20D100669BCC /* ViewController.swift */,
				9BE79A4523CD20D100669BCC /* Main.storyboard */,
				9BE79A4823CD20D600669BCC /* Assets.xcassets */,
				9BE79A4A23CD20D600669BCC /* LaunchScreen.storyboard */,
				9BE79A4D23CD20D600669BCC /* Info.plist */,
			);
			path = SweetHealth;
			sourceTree = "<group>";
		};
		9BE79A5523CD20D600669BCC /* SweetHealthTests */ = {
			isa = PBXGroup;
			children = (
				9BE79A5623CD20D600669BCC /* SweetHealthTests.swift */,
				9BE79A5823CD20D600669BCC /* Info.plist */,
			);
			path = SweetHealthTests;
			sourceTree = "<group>";
		};
		9BE79A6023CD20D600669BCC /* SweetHealthUITests */ = {
			isa = PBXGroup;
			children = (
				9BE79A6123CD20D600669BCC /* SweetHealthUITests.swift */,
				9BE79A6323CD20D600669BCC /* Info.plist */,
			);
			path = SweetHealthUITests;
			sourceTree = "<group>";
		};
		9BE79A7023CD2CE900669BCC /* Home */ = {
			isa = PBXGroup;
			children = (
				9BE79A7F23CD2E1F00669BCC /* Controller */,
				9BE79A7823CD2DF500669BCC /* View */,
			);
			path = Home;
			sourceTree = "<group>";
		};
		9BE79A7123CD2D1000669BCC /* Detail */ = {
			isa = PBXGroup;
			children = (
				9BE79A8023CD2E2200669BCC /* Controller */,
				9BE79A7923CD2DFA00669BCC /* View */,
			);
			path = Detail;
			sourceTree = "<group>";
		};
		9BE79A7223CD2D3700669BCC /*  ScheduleControl */ = {
			isa = PBXGroup;
			children = (
				9BE79A8123CD2E2700669BCC /* Controller */,
				9BE79A7A23CD2DFF00669BCC /* View */,
			);
			path = " ScheduleControl";
			sourceTree = "<group>";
		};
		9BE79A7323CD2D7000669BCC /* Statistics */ = {
			isa = PBXGroup;
			children = (
				9BE79A8223CD2E2B00669BCC /* Controller */,
				9BE79A7B23CD2E0300669BCC /* View */,
			);
			path = Statistics;
			sourceTree = "<group>";
		};
		9BE79A7423CD2D8100669BCC /* Login */ = {
			isa = PBXGroup;
			children = (
				9BE79A7E23CD2E1200669BCC /* Controller */,
				9BE79A7723CD2DC600669BCC /* View */,
			);
			path = Login;
			sourceTree = "<group>";
		};
		9BE79A7523CD2D9800669BCC /* Profile */ = {
			isa = PBXGroup;
			children = (
				9BE79A8323CD2E2F00669BCC /* Controller */,
				9BE79A7C23CD2E0700669BCC /* View */,
			);
			path = Profile;
			sourceTree = "<group>";
		};
		9BE79A7623CD2DA600669BCC /* Map */ = {
			isa = PBXGroup;
			children = (
				9BE79A8423CD2E3300669BCC /* Controller */,
				9BE79A7D23CD2E0B00669BCC /* View */,
			);
			path = Map;
			sourceTree = "<group>";
		};
		9BE79A7723CD2DC600669BCC /* View */ = {
			isa = PBXGroup;
			children = (
			);
			path = View;
			sourceTree = "<group>";
		};
		9BE79A7823CD2DF500669BCC /* View */ = {
			isa = PBXGroup;
			children = (
			);
			path = View;
			sourceTree = "<group>";
		};
		9BE79A7923CD2DFA00669BCC /* View */ = {
			isa = PBXGroup;
			children = (
			);
			path = View;
			sourceTree = "<group>";
		};
		9BE79A7A23CD2DFF00669BCC /* View */ = {
			isa = PBXGroup;
			children = (
			);
			path = View;
			sourceTree = "<group>";
		};
		9BE79A7B23CD2E0300669BCC /* View */ = {
			isa = PBXGroup;
			children = (
			);
			path = View;
			sourceTree = "<group>";
		};
		9BE79A7C23CD2E0700669BCC /* View */ = {
			isa = PBXGroup;
			children = (
			);
			path = View;
			sourceTree = "<group>";
		};
		9BE79A7D23CD2E0B00669BCC /* View */ = {
			isa = PBXGroup;
			children = (
			);
			path = View;
			sourceTree = "<group>";
		};
		9BE79A7E23CD2E1200669BCC /* Controller */ = {
			isa = PBXGroup;
			children = (
			);
			path = Controller;
			sourceTree = "<group>";
		};
		9BE79A7F23CD2E1F00669BCC /* Controller */ = {
			isa = PBXGroup;
			children = (
			);
			path = Controller;
			sourceTree = "<group>";
		};
		9BE79A8023CD2E2200669BCC /* Controller */ = {
			isa = PBXGroup;
			children = (
			);
			path = Controller;
			sourceTree = "<group>";
		};
		9BE79A8123CD2E2700669BCC /* Controller */ = {
			isa = PBXGroup;
			children = (
			);
			path = Controller;
			sourceTree = "<group>";
		};
		9BE79A8223CD2E2B00669BCC /* Controller */ = {
			isa = PBXGroup;
			children = (
			);
			path = Controller;
			sourceTree = "<group>";
		};
		9BE79A8323CD2E2F00669BCC /* Controller */ = {
			isa = PBXGroup;
			children = (
			);
			path = Controller;
			sourceTree = "<group>";
		};
		9BE79A8423CD2E3300669BCC /* Controller */ = {
			isa = PBXGroup;
			children = (
			);
			path = Controller;
			sourceTree = "<group>";
		};
		EE0316E6D1A6F4897C14C327 /* Pods */ = {
			isa = PBXGroup;
			children = (
				6D448FF94A8676287D795588 /* Pods-SweetHealth.debug.xcconfig */,
				FDA1042EDACBE85BBD7EDD78 /* Pods-SweetHealth.release.xcconfig */,
				BFAA6C45D5F4EF9BD82D2048 /* Pods-SweetHealth-SweetHealthUITests.debug.xcconfig */,
				D3DC8F5A140B7E1A9B4A8FAE /* Pods-SweetHealth-SweetHealthUITests.release.xcconfig */,
				EA29E0BB138988E4F630FE10 /* Pods-SweetHealthTests.debug.xcconfig */,
				646E5955A1391903F4620739 /* Pods-SweetHealthTests.release.xcconfig */,
			);
			path = Pods;
			sourceTree = "<group>";
		};
/* End PBXGroup section */

/* Begin PBXNativeTarget section */
		9BE79A3B23CD20D100669BCC /* SweetHealth */ = {
			isa = PBXNativeTarget;
			buildConfigurationList = 9BE79A6623CD20D600669BCC /* Build configuration list for PBXNativeTarget "SweetHealth" */;
			buildPhases = (
				80DEF8485540B1BBF50ACB85 /* [CP] Check Pods Manifest.lock */,
				9BE79A3823CD20D100669BCC /* Sources */,
				9BE79A3923CD20D100669BCC /* Frameworks */,
				9BE79A3A23CD20D100669BCC /* Resources */,
				131C894F723E7E978E9324BF /* [CP] Embed Pods Frameworks */,
			);
			buildRules = (
			);
			dependencies = (
			);
			name = SweetHealth;
			productName = SweetHealth;
			productReference = 9BE79A3C23CD20D100669BCC /* SweetHealth.app */;
			productType = "com.apple.product-type.application";
		};
		9BE79A5123CD20D600669BCC /* SweetHealthTests */ = {
			isa = PBXNativeTarget;
			buildConfigurationList = 9BE79A6923CD20D600669BCC /* Build configuration list for PBXNativeTarget "SweetHealthTests" */;
			buildPhases = (
				1365862FACDFD2CE10ABEDE4 /* [CP] Check Pods Manifest.lock */,
				9BE79A4E23CD20D600669BCC /* Sources */,
				9BE79A4F23CD20D600669BCC /* Frameworks */,
				9BE79A5023CD20D600669BCC /* Resources */,
			);
			buildRules = (
			);
			dependencies = (
				9BE79A5423CD20D600669BCC /* PBXTargetDependency */,
			);
			name = SweetHealthTests;
			productName = SweetHealthTests;
			productReference = 9BE79A5223CD20D600669BCC /* SweetHealthTests.xctest */;
			productType = "com.apple.product-type.bundle.unit-test";
		};
		9BE79A5C23CD20D600669BCC /* SweetHealthUITests */ = {
			isa = PBXNativeTarget;
			buildConfigurationList = 9BE79A6C23CD20D600669BCC /* Build configuration list for PBXNativeTarget "SweetHealthUITests" */;
			buildPhases = (
				AFBAAE6B32AC7FF5D53480F6 /* [CP] Check Pods Manifest.lock */,
				9BE79A5923CD20D600669BCC /* Sources */,
				9BE79A5A23CD20D600669BCC /* Frameworks */,
				9BE79A5B23CD20D600669BCC /* Resources */,
				ADD26FD05FA9FC63935A22DB /* [CP] Embed Pods Frameworks */,
			);
			buildRules = (
			);
			dependencies = (
				9BE79A5F23CD20D600669BCC /* PBXTargetDependency */,
			);
			name = SweetHealthUITests;
			productName = SweetHealthUITests;
			productReference = 9BE79A5D23CD20D600669BCC /* SweetHealthUITests.xctest */;
			productType = "com.apple.product-type.bundle.ui-testing";
		};
/* End PBXNativeTarget section */

/* Begin PBXProject section */
		9BE79A3423CD20D100669BCC /* Project object */ = {
			isa = PBXProject;
			attributes = {
				LastSwiftUpdateCheck = 1130;
				LastUpgradeCheck = 1130;
				ORGANIZATIONNAME = "Miguel Jaimes";
				TargetAttributes = {
					9BE79A3B23CD20D100669BCC = {
						CreatedOnToolsVersion = 11.3;
					};
					9BE79A5123CD20D600669BCC = {
						CreatedOnToolsVersion = 11.3;
						TestTargetID = 9BE79A3B23CD20D100669BCC;
					};
					9BE79A5C23CD20D600669BCC = {
						CreatedOnToolsVersion = 11.3;
						TestTargetID = 9BE79A3B23CD20D100669BCC;
					};
				};
			};
			buildConfigurationList = 9BE79A3723CD20D100669BCC /* Build configuration list for PBXProject "SweetHealth" */;
			compatibilityVersion = "Xcode 9.3";
			developmentRegion = en;
			hasScannedForEncodings = 0;
			knownRegions = (
				en,
				Base,
			);
			mainGroup = 9BE79A3323CD20D100669BCC;
			productRefGroup = 9BE79A3D23CD20D100669BCC /* Products */;
			projectDirPath = "";
			projectRoot = "";
			targets = (
				9BE79A3B23CD20D100669BCC /* SweetHealth */,
				9BE79A5123CD20D600669BCC /* SweetHealthTests */,
				9BE79A5C23CD20D600669BCC /* SweetHealthUITests */,
			);
		};
/* End PBXProject section */

/* Begin PBXResourcesBuildPhase section */
		9BE79A3A23CD20D100669BCC /* Resources */ = {
			isa = PBXResourcesBuildPhase;
			buildActionMask = 2147483647;
			files = (
				9BE79A4C23CD20D600669BCC /* LaunchScreen.storyboard in Resources */,
				9BE79A4923CD20D600669BCC /* Assets.xcassets in Resources */,
				9BE79A4723CD20D100669BCC /* Main.storyboard in Resources */,
			);
			runOnlyForDeploymentPostprocessing = 0;
		};
		9BE79A5023CD20D600669BCC /* Resources */ = {
			isa = PBXResourcesBuildPhase;
			buildActionMask = 2147483647;
			files = (
			);
			runOnlyForDeploymentPostprocessing = 0;
		};
		9BE79A5B23CD20D600669BCC /* Resources */ = {
			isa = PBXResourcesBuildPhase;
			buildActionMask = 2147483647;
			files = (
			);
			runOnlyForDeploymentPostprocessing = 0;
		};
/* End PBXResourcesBuildPhase section */

/* Begin PBXShellScriptBuildPhase section */
		131C894F723E7E978E9324BF /* [CP] Embed Pods Frameworks */ = {
			isa = PBXShellScriptBuildPhase;
			buildActionMask = 2147483647;
			files = (
			);
			inputFileListPaths = (
				"${PODS_ROOT}/Target Support Files/Pods-SweetHealth/Pods-SweetHealth-frameworks-${CONFIGURATION}-input-files.xcfilelist",
			);
			name = "[CP] Embed Pods Frameworks";
			outputFileListPaths = (
				"${PODS_ROOT}/Target Support Files/Pods-SweetHealth/Pods-SweetHealth-frameworks-${CONFIGURATION}-output-files.xcfilelist",
			);
			runOnlyForDeploymentPostprocessing = 0;
			shellPath = /bin/sh;
			shellScript = "\"${PODS_ROOT}/Target Support Files/Pods-SweetHealth/Pods-SweetHealth-frameworks.sh\"\n\"${PODS_ROOT}/SwiftLint/swiftlint\"\n";
		};
		1365862FACDFD2CE10ABEDE4 /* [CP] Check Pods Manifest.lock */ = {
			isa = PBXShellScriptBuildPhase;
			buildActionMask = 2147483647;
			files = (
			);
			inputFileListPaths = (
			);
			inputPaths = (
				"${PODS_PODFILE_DIR_PATH}/Podfile.lock",
				"${PODS_ROOT}/Manifest.lock",
			);
			name = "[CP] Check Pods Manifest.lock";
			outputFileListPaths = (
			);
			outputPaths = (
				"$(DERIVED_FILE_DIR)/Pods-SweetHealthTests-checkManifestLockResult.txt",
			);
			runOnlyForDeploymentPostprocessing = 0;
			shellPath = /bin/sh;
			shellScript = "diff \"${PODS_PODFILE_DIR_PATH}/Podfile.lock\" \"${PODS_ROOT}/Manifest.lock\" > /dev/null\nif [ $? != 0 ] ; then\n    # print error to STDERR\n    echo \"error: The sandbox is not in sync with the Podfile.lock. Run 'pod install' or update your CocoaPods installation.\" >&2\n    exit 1\nfi\n# This output is used by Xcode 'outputs' to avoid re-running this script phase.\necho \"SUCCESS\" > \"${SCRIPT_OUTPUT_FILE_0}\"\n";
			showEnvVarsInLog = 0;
		};
		80DEF8485540B1BBF50ACB85 /* [CP] Check Pods Manifest.lock */ = {
			isa = PBXShellScriptBuildPhase;
			buildActionMask = 2147483647;
			files = (
			);
			inputFileListPaths = (
			);
			inputPaths = (
				"${PODS_PODFILE_DIR_PATH}/Podfile.lock",
				"${PODS_ROOT}/Manifest.lock",
			);
			name = "[CP] Check Pods Manifest.lock";
			outputFileListPaths = (
			);
			outputPaths = (
				"$(DERIVED_FILE_DIR)/Pods-SweetHealth-checkManifestLockResult.txt",
			);
			runOnlyForDeploymentPostprocessing = 0;
			shellPath = /bin/sh;
			shellScript = "diff \"${PODS_PODFILE_DIR_PATH}/Podfile.lock\" \"${PODS_ROOT}/Manifest.lock\" > /dev/null\nif [ $? != 0 ] ; then\n    # print error to STDERR\n    echo \"error: The sandbox is not in sync with the Podfile.lock. Run 'pod install' or update your CocoaPods installation.\" >&2\n    exit 1\nfi\n# This output is used by Xcode 'outputs' to avoid re-running this script phase.\necho \"SUCCESS\" > \"${SCRIPT_OUTPUT_FILE_0}\"\n";
			showEnvVarsInLog = 0;
		};
		ADD26FD05FA9FC63935A22DB /* [CP] Embed Pods Frameworks */ = {
			isa = PBXShellScriptBuildPhase;
			buildActionMask = 2147483647;
			files = (
			);
			inputFileListPaths = (
				"${PODS_ROOT}/Target Support Files/Pods-SweetHealth-SweetHealthUITests/Pods-SweetHealth-SweetHealthUITests-frameworks-${CONFIGURATION}-input-files.xcfilelist",
			);
			name = "[CP] Embed Pods Frameworks";
			outputFileListPaths = (
				"${PODS_ROOT}/Target Support Files/Pods-SweetHealth-SweetHealthUITests/Pods-SweetHealth-SweetHealthUITests-frameworks-${CONFIGURATION}-output-files.xcfilelist",
			);
			runOnlyForDeploymentPostprocessing = 0;
			shellPath = /bin/sh;
			shellScript = "\"${PODS_ROOT}/Target Support Files/Pods-SweetHealth-SweetHealthUITests/Pods-SweetHealth-SweetHealthUITests-frameworks.sh\"\n";
			showEnvVarsInLog = 0;
		};
		AFBAAE6B32AC7FF5D53480F6 /* [CP] Check Pods Manifest.lock */ = {
			isa = PBXShellScriptBuildPhase;
			buildActionMask = 2147483647;
			files = (
			);
			inputFileListPaths = (
			);
			inputPaths = (
				"${PODS_PODFILE_DIR_PATH}/Podfile.lock",
				"${PODS_ROOT}/Manifest.lock",
			);
			name = "[CP] Check Pods Manifest.lock";
			outputFileListPaths = (
			);
			outputPaths = (
				"$(DERIVED_FILE_DIR)/Pods-SweetHealth-SweetHealthUITests-checkManifestLockResult.txt",
			);
			runOnlyForDeploymentPostprocessing = 0;
			shellPath = /bin/sh;
			shellScript = "diff \"${PODS_PODFILE_DIR_PATH}/Podfile.lock\" \"${PODS_ROOT}/Manifest.lock\" > /dev/null\nif [ $? != 0 ] ; then\n    # print error to STDERR\n    echo \"error: The sandbox is not in sync with the Podfile.lock. Run 'pod install' or update your CocoaPods installation.\" >&2\n    exit 1\nfi\n# This output is used by Xcode 'outputs' to avoid re-running this script phase.\necho \"SUCCESS\" > \"${SCRIPT_OUTPUT_FILE_0}\"\n";
			showEnvVarsInLog = 0;
		};
/* End PBXShellScriptBuildPhase section */

/* Begin PBXSourcesBuildPhase section */
		9BE79A3823CD20D100669BCC /* Sources */ = {
			isa = PBXSourcesBuildPhase;
			buildActionMask = 2147483647;
			files = (
				9BE79A4423CD20D100669BCC /* ViewController.swift in Sources */,
				9BE79A4023CD20D100669BCC /* AppDelegate.swift in Sources */,
				9BE79A4223CD20D100669BCC /* SceneDelegate.swift in Sources */,
			);
			runOnlyForDeploymentPostprocessing = 0;
		};
		9BE79A4E23CD20D600669BCC /* Sources */ = {
			isa = PBXSourcesBuildPhase;
			buildActionMask = 2147483647;
			files = (
				9BE79A5723CD20D600669BCC /* SweetHealthTests.swift in Sources */,
			);
			runOnlyForDeploymentPostprocessing = 0;
		};
		9BE79A5923CD20D600669BCC /* Sources */ = {
			isa = PBXSourcesBuildPhase;
			buildActionMask = 2147483647;
			files = (
				9BE79A6223CD20D600669BCC /* SweetHealthUITests.swift in Sources */,
			);
			runOnlyForDeploymentPostprocessing = 0;
		};
/* End PBXSourcesBuildPhase section */

/* Begin PBXTargetDependency section */
		9BE79A5423CD20D600669BCC /* PBXTargetDependency */ = {
			isa = PBXTargetDependency;
			target = 9BE79A3B23CD20D100669BCC /* SweetHealth */;
			targetProxy = 9BE79A5323CD20D600669BCC /* PBXContainerItemProxy */;
		};
		9BE79A5F23CD20D600669BCC /* PBXTargetDependency */ = {
			isa = PBXTargetDependency;
			target = 9BE79A3B23CD20D100669BCC /* SweetHealth */;
			targetProxy = 9BE79A5E23CD20D600669BCC /* PBXContainerItemProxy */;
		};
/* End PBXTargetDependency section */

/* Begin PBXVariantGroup section */
		9BE79A4523CD20D100669BCC /* Main.storyboard */ = {
			isa = PBXVariantGroup;
			children = (
				9BE79A4623CD20D100669BCC /* Base */,
			);
			name = Main.storyboard;
			sourceTree = "<group>";
		};
		9BE79A4A23CD20D600669BCC /* LaunchScreen.storyboard */ = {
			isa = PBXVariantGroup;
			children = (
				9BE79A4B23CD20D600669BCC /* Base */,
			);
			name = LaunchScreen.storyboard;
			sourceTree = "<group>";
		};
/* End PBXVariantGroup section */

/* Begin XCBuildConfiguration section */
		9BE79A6423CD20D600669BCC /* Debug */ = {
			isa = XCBuildConfiguration;
			buildSettings = {
				ALWAYS_SEARCH_USER_PATHS = NO;
				CLANG_ANALYZER_NONNULL = YES;
				CLANG_ANALYZER_NUMBER_OBJECT_CONVERSION = YES_AGGRESSIVE;
				CLANG_CXX_LANGUAGE_STANDARD = "gnu++14";
				CLANG_CXX_LIBRARY = "libc++";
				CLANG_ENABLE_MODULES = YES;
				CLANG_ENABLE_OBJC_ARC = YES;
				CLANG_ENABLE_OBJC_WEAK = YES;
				CLANG_WARN_BLOCK_CAPTURE_AUTORELEASING = YES;
				CLANG_WARN_BOOL_CONVERSION = YES;
				CLANG_WARN_COMMA = YES;
				CLANG_WARN_CONSTANT_CONVERSION = YES;
				CLANG_WARN_DEPRECATED_OBJC_IMPLEMENTATIONS = YES;
				CLANG_WARN_DIRECT_OBJC_ISA_USAGE = YES_ERROR;
				CLANG_WARN_DOCUMENTATION_COMMENTS = YES;
				CLANG_WARN_EMPTY_BODY = YES;
				CLANG_WARN_ENUM_CONVERSION = YES;
				CLANG_WARN_INFINITE_RECURSION = YES;
				CLANG_WARN_INT_CONVERSION = YES;
				CLANG_WARN_NON_LITERAL_NULL_CONVERSION = YES;
				CLANG_WARN_OBJC_IMPLICIT_RETAIN_SELF = YES;
				CLANG_WARN_OBJC_LITERAL_CONVERSION = YES;
				CLANG_WARN_OBJC_ROOT_CLASS = YES_ERROR;
				CLANG_WARN_RANGE_LOOP_ANALYSIS = YES;
				CLANG_WARN_STRICT_PROTOTYPES = YES;
				CLANG_WARN_SUSPICIOUS_MOVE = YES;
				CLANG_WARN_UNGUARDED_AVAILABILITY = YES_AGGRESSIVE;
				CLANG_WARN_UNREACHABLE_CODE = YES;
				CLANG_WARN__DUPLICATE_METHOD_MATCH = YES;
				COPY_PHASE_STRIP = NO;
				DEBUG_INFORMATION_FORMAT = dwarf;
				ENABLE_STRICT_OBJC_MSGSEND = YES;
				ENABLE_TESTABILITY = YES;
				GCC_C_LANGUAGE_STANDARD = gnu11;
				GCC_DYNAMIC_NO_PIC = NO;
				GCC_NO_COMMON_BLOCKS = YES;
				GCC_OPTIMIZATION_LEVEL = 0;
				GCC_PREPROCESSOR_DEFINITIONS = (
					"DEBUG=1",
					"$(inherited)",
				);
				GCC_WARN_64_TO_32_BIT_CONVERSION = YES;
				GCC_WARN_ABOUT_RETURN_TYPE = YES_ERROR;
				GCC_WARN_UNDECLARED_SELECTOR = YES;
				GCC_WARN_UNINITIALIZED_AUTOS = YES_AGGRESSIVE;
				GCC_WARN_UNUSED_FUNCTION = YES;
				GCC_WARN_UNUSED_VARIABLE = YES;
				IPHONEOS_DEPLOYMENT_TARGET = 13.2;
				MTL_ENABLE_DEBUG_INFO = INCLUDE_SOURCE;
				MTL_FAST_MATH = YES;
				ONLY_ACTIVE_ARCH = YES;
				SDKROOT = iphoneos;
				SWIFT_ACTIVE_COMPILATION_CONDITIONS = DEBUG;
				SWIFT_OPTIMIZATION_LEVEL = "-Onone";
			};
			name = Debug;
		};
		9BE79A6523CD20D600669BCC /* Release */ = {
			isa = XCBuildConfiguration;
			buildSettings = {
				ALWAYS_SEARCH_USER_PATHS = NO;
				CLANG_ANALYZER_NONNULL = YES;
				CLANG_ANALYZER_NUMBER_OBJECT_CONVERSION = YES_AGGRESSIVE;
				CLANG_CXX_LANGUAGE_STANDARD = "gnu++14";
				CLANG_CXX_LIBRARY = "libc++";
				CLANG_ENABLE_MODULES = YES;
				CLANG_ENABLE_OBJC_ARC = YES;
				CLANG_ENABLE_OBJC_WEAK = YES;
				CLANG_WARN_BLOCK_CAPTURE_AUTORELEASING = YES;
				CLANG_WARN_BOOL_CONVERSION = YES;
				CLANG_WARN_COMMA = YES;
				CLANG_WARN_CONSTANT_CONVERSION = YES;
				CLANG_WARN_DEPRECATED_OBJC_IMPLEMENTATIONS = YES;
				CLANG_WARN_DIRECT_OBJC_ISA_USAGE = YES_ERROR;
				CLANG_WARN_DOCUMENTATION_COMMENTS = YES;
				CLANG_WARN_EMPTY_BODY = YES;
				CLANG_WARN_ENUM_CONVERSION = YES;
				CLANG_WARN_INFINITE_RECURSION = YES;
				CLANG_WARN_INT_CONVERSION = YES;
				CLANG_WARN_NON_LITERAL_NULL_CONVERSION = YES;
				CLANG_WARN_OBJC_IMPLICIT_RETAIN_SELF = YES;
				CLANG_WARN_OBJC_LITERAL_CONVERSION = YES;
				CLANG_WARN_OBJC_ROOT_CLASS = YES_ERROR;
				CLANG_WARN_RANGE_LOOP_ANALYSIS = YES;
				CLANG_WARN_STRICT_PROTOTYPES = YES;
				CLANG_WARN_SUSPICIOUS_MOVE = YES;
				CLANG_WARN_UNGUARDED_AVAILABILITY = YES_AGGRESSIVE;
				CLANG_WARN_UNREACHABLE_CODE = YES;
				CLANG_WARN__DUPLICATE_METHOD_MATCH = YES;
				COPY_PHASE_STRIP = NO;
				DEBUG_INFORMATION_FORMAT = "dwarf-with-dsym";
				ENABLE_NS_ASSERTIONS = NO;
				ENABLE_STRICT_OBJC_MSGSEND = YES;
				GCC_C_LANGUAGE_STANDARD = gnu11;
				GCC_NO_COMMON_BLOCKS = YES;
				GCC_WARN_64_TO_32_BIT_CONVERSION = YES;
				GCC_WARN_ABOUT_RETURN_TYPE = YES_ERROR;
				GCC_WARN_UNDECLARED_SELECTOR = YES;
				GCC_WARN_UNINITIALIZED_AUTOS = YES_AGGRESSIVE;
				GCC_WARN_UNUSED_FUNCTION = YES;
				GCC_WARN_UNUSED_VARIABLE = YES;
				IPHONEOS_DEPLOYMENT_TARGET = 13.2;
				MTL_ENABLE_DEBUG_INFO = NO;
				MTL_FAST_MATH = YES;
				SDKROOT = iphoneos;
				SWIFT_COMPILATION_MODE = wholemodule;
				SWIFT_OPTIMIZATION_LEVEL = "-O";
				VALIDATE_PRODUCT = YES;
			};
			name = Release;
		};
		9BE79A6723CD20D600669BCC /* Debug */ = {
			isa = XCBuildConfiguration;
			baseConfigurationReference = 6D448FF94A8676287D795588 /* Pods-SweetHealth.debug.xcconfig */;
			buildSettings = {
				ASSETCATALOG_COMPILER_APPICON_NAME = AppIcon;
				CODE_SIGN_STYLE = Automatic;
				DEVELOPMENT_TEAM = 254DWXJ94U;
				INFOPLIST_FILE = SweetHealth/Info.plist;
				LD_RUNPATH_SEARCH_PATHS = (
					"$(inherited)",
					"@executable_path/Frameworks",
				);
				PRODUCT_BUNDLE_IDENTIFIER = Miguel.SweetHealth;
				PRODUCT_NAME = "$(TARGET_NAME)";
				SWIFT_VERSION = 5.0;
				TARGETED_DEVICE_FAMILY = "1,2";
			};
			name = Debug;
		};
		9BE79A6823CD20D600669BCC /* Release */ = {
			isa = XCBuildConfiguration;
			baseConfigurationReference = FDA1042EDACBE85BBD7EDD78 /* Pods-SweetHealth.release.xcconfig */;
			buildSettings = {
				ASSETCATALOG_COMPILER_APPICON_NAME = AppIcon;
				CODE_SIGN_STYLE = Automatic;
				DEVELOPMENT_TEAM = 254DWXJ94U;
				INFOPLIST_FILE = SweetHealth/Info.plist;
				LD_RUNPATH_SEARCH_PATHS = (
					"$(inherited)",
					"@executable_path/Frameworks",
				);
				PRODUCT_BUNDLE_IDENTIFIER = Miguel.SweetHealth;
				PRODUCT_NAME = "$(TARGET_NAME)";
				SWIFT_VERSION = 5.0;
				TARGETED_DEVICE_FAMILY = "1,2";
			};
			name = Release;
		};
		9BE79A6A23CD20D600669BCC /* Debug */ = {
			isa = XCBuildConfiguration;
			baseConfigurationReference = EA29E0BB138988E4F630FE10 /* Pods-SweetHealthTests.debug.xcconfig */;
			buildSettings = {
				ALWAYS_EMBED_SWIFT_STANDARD_LIBRARIES = YES;
				BUNDLE_LOADER = "$(TEST_HOST)";
				CODE_SIGN_STYLE = Automatic;
				DEVELOPMENT_TEAM = 254DWXJ94U;
				INFOPLIST_FILE = SweetHealthTests/Info.plist;
				IPHONEOS_DEPLOYMENT_TARGET = 13.2;
				LD_RUNPATH_SEARCH_PATHS = (
					"$(inherited)",
					"@executable_path/Frameworks",
					"@loader_path/Frameworks",
				);
				PRODUCT_BUNDLE_IDENTIFIER = Miguel.SweetHealthTests;
				PRODUCT_NAME = "$(TARGET_NAME)";
				SWIFT_VERSION = 5.0;
				TARGETED_DEVICE_FAMILY = "1,2";
				TEST_HOST = "$(BUILT_PRODUCTS_DIR)/SweetHealth.app/SweetHealth";
			};
			name = Debug;
		};
		9BE79A6B23CD20D600669BCC /* Release */ = {
			isa = XCBuildConfiguration;
			baseConfigurationReference = 646E5955A1391903F4620739 /* Pods-SweetHealthTests.release.xcconfig */;
			buildSettings = {
				ALWAYS_EMBED_SWIFT_STANDARD_LIBRARIES = YES;
				BUNDLE_LOADER = "$(TEST_HOST)";
				CODE_SIGN_STYLE = Automatic;
				DEVELOPMENT_TEAM = 254DWXJ94U;
				INFOPLIST_FILE = SweetHealthTests/Info.plist;
				IPHONEOS_DEPLOYMENT_TARGET = 13.2;
				LD_RUNPATH_SEARCH_PATHS = (
					"$(inherited)",
					"@executable_path/Frameworks",
					"@loader_path/Frameworks",
				);
				PRODUCT_BUNDLE_IDENTIFIER = Miguel.SweetHealthTests;
				PRODUCT_NAME = "$(TARGET_NAME)";
				SWIFT_VERSION = 5.0;
				TARGETED_DEVICE_FAMILY = "1,2";
				TEST_HOST = "$(BUILT_PRODUCTS_DIR)/SweetHealth.app/SweetHealth";
			};
			name = Release;
		};
		9BE79A6D23CD20D600669BCC /* Debug */ = {
			isa = XCBuildConfiguration;
			baseConfigurationReference = BFAA6C45D5F4EF9BD82D2048 /* Pods-SweetHealth-SweetHealthUITests.debug.xcconfig */;
			buildSettings = {
				ALWAYS_EMBED_SWIFT_STANDARD_LIBRARIES = YES;
				CODE_SIGN_STYLE = Automatic;
				DEVELOPMENT_TEAM = 254DWXJ94U;
				INFOPLIST_FILE = SweetHealthUITests/Info.plist;
				LD_RUNPATH_SEARCH_PATHS = (
					"$(inherited)",
					"@executable_path/Frameworks",
					"@loader_path/Frameworks",
				);
				PRODUCT_BUNDLE_IDENTIFIER = Miguel.SweetHealthUITests;
				PRODUCT_NAME = "$(TARGET_NAME)";
				SWIFT_VERSION = 5.0;
				TARGETED_DEVICE_FAMILY = "1,2";
				TEST_TARGET_NAME = SweetHealth;
			};
			name = Debug;
		};
		9BE79A6E23CD20D600669BCC /* Release */ = {
			isa = XCBuildConfiguration;
			baseConfigurationReference = D3DC8F5A140B7E1A9B4A8FAE /* Pods-SweetHealth-SweetHealthUITests.release.xcconfig */;
			buildSettings = {
				ALWAYS_EMBED_SWIFT_STANDARD_LIBRARIES = YES;
				CODE_SIGN_STYLE = Automatic;
				DEVELOPMENT_TEAM = 254DWXJ94U;
				INFOPLIST_FILE = SweetHealthUITests/Info.plist;
				LD_RUNPATH_SEARCH_PATHS = (
					"$(inherited)",
					"@executable_path/Frameworks",
					"@loader_path/Frameworks",
				);
				PRODUCT_BUNDLE_IDENTIFIER = Miguel.SweetHealthUITests;
				PRODUCT_NAME = "$(TARGET_NAME)";
				SWIFT_VERSION = 5.0;
				TARGETED_DEVICE_FAMILY = "1,2";
				TEST_TARGET_NAME = SweetHealth;
			};
			name = Release;
		};
/* End XCBuildConfiguration section */

/* Begin XCConfigurationList section */
		9BE79A3723CD20D100669BCC /* Build configuration list for PBXProject "SweetHealth" */ = {
			isa = XCConfigurationList;
			buildConfigurations = (
				9BE79A6423CD20D600669BCC /* Debug */,
				9BE79A6523CD20D600669BCC /* Release */,
			);
			defaultConfigurationIsVisible = 0;
			defaultConfigurationName = Release;
		};
		9BE79A6623CD20D600669BCC /* Build configuration list for PBXNativeTarget "SweetHealth" */ = {
			isa = XCConfigurationList;
			buildConfigurations = (
				9BE79A6723CD20D600669BCC /* Debug */,
				9BE79A6823CD20D600669BCC /* Release */,
			);
			defaultConfigurationIsVisible = 0;
			defaultConfigurationName = Release;
		};
		9BE79A6923CD20D600669BCC /* Build configuration list for PBXNativeTarget "SweetHealthTests" */ = {
			isa = XCConfigurationList;
			buildConfigurations = (
				9BE79A6A23CD20D600669BCC /* Debug */,
				9BE79A6B23CD20D600669BCC /* Release */,
			);
			defaultConfigurationIsVisible = 0;
			defaultConfigurationName = Release;
		};
		9BE79A6C23CD20D600669BCC /* Build configuration list for PBXNativeTarget "SweetHealthUITests" */ = {
			isa = XCConfigurationList;
			buildConfigurations = (
				9BE79A6D23CD20D600669BCC /* Debug */,
				9BE79A6E23CD20D600669BCC /* Release */,
			);
			defaultConfigurationIsVisible = 0;
			defaultConfigurationName = Release;
		};
/* End XCConfigurationList section */
	};
	rootObject = 9BE79A3423CD20D100669BCC /* Project object */;
}
